
Microsoft Visual Studio Solution File, Format Version 12.00
# Visual Studio Version 17
VisualStudioVersion = 17.12.35707.178
MinimumVisualStudioVersion = 10.0.40219.1
Project("{FAE04EC0-301F-11D3-BF4B-00C04F79EFBC}") = "Hopeful", "Hopeful.csproj", "{9290D991-BFCF-4906-B3BA-1E5EA0BAA609}"
EndProject
Project("{FAE04EC0-301F-11D3-BF4B-00C04F79EFBC}") = "Hopeful.Tests", "..\Hopeful.Tests\Hopeful.Tests.csproj", "{40F0D3AB-024D-46A3-B0E5-8D9647985C3C}"
EndProject
Global
	GlobalSection(SolutionConfigurationPlatforms) = preSolution
		Debug|Any CPU = Debug|Any CPU
		Release|Any CPU = Release|Any CPU
	EndGlobalSection
	GlobalSection(ProjectConfigurationPlatforms) = postSolution
		{9290D991-BFCF-4906-B3BA-1E5EA0BAA609}.Debug|Any CPU.ActiveCfg = Debug|Any CPU
		{9290D991-BFCF-4906-B3BA-1E5EA0BAA609}.Debug|Any CPU.Build.0 = Debug|Any CPU
		{9290D991-BFCF-4906-B3BA-1E5EA0BAA609}.Release|Any CPU.ActiveCfg = Release|Any CPU
		{9290D991-BFCF-4906-B3BA-1E5EA0BAA609}.Release|Any CPU.Build.0 = Release|Any CPU
		{40F0D3AB-024D-46A3-B0E5-8D9647985C3C}.Debug|Any CPU.ActiveCfg = Debug|Any CPU
		{40F0D3AB-024D-46A3-B0E5-8D9647985C3C}.Debug|Any CPU.Build.0 = Debug|Any CPU
		{40F0D3AB-024D-46A3-B0E5-8D9647985C3C}.Release|Any CPU.ActiveCfg = Release|Any CPU
		{40F0D3AB-024D-46A3-B0E5-8D9647985C3C}.Release|Any CPU.Build.0 = Release|Any CPU
	EndGlobalSection
	GlobalSection(SolutionProperties) = preSolution
		HideSolutionNode = FALSE
	EndGlobalSection
EndGlobal
